// !$*UTF8*$!
{
	archiveVersion = 1;
	classes = {
	};
	objectVersion = 46;
	objects = {

/* Begin PBXBuildFile section */
		390B8B1C68C7371159BC8B41 /* Pods_DiLv.framework in Frameworks */ = {isa = PBXBuildFile; fileRef = 5B3FC4BBDA0510FDBFB417F6 /* Pods_DiLv.framework */; };
		B15027461EB867350041CE6E /* 隶变体.ttf in Resources */ = {isa = PBXBuildFile; fileRef = B15027451EB8671E0041CE6E /* 隶变体.ttf */; };
		B15027491EB967360041CE6E /* threeTableViewCell.swift in Sources */ = {isa = PBXBuildFile; fileRef = B15027471EB967360041CE6E /* threeTableViewCell.swift */; };
		B150274A1EB967360041CE6E /* threeTableViewCell.xib in Resources */ = {isa = PBXBuildFile; fileRef = B15027481EB967360041CE6E /* threeTableViewCell.xib */; };
		B1AE032E1EB836E500C12B80 /* place_image.png in Resources */ = {isa = PBXBuildFile; fileRef = B1AE032D1EB836E500C12B80 /* place_image.png */; };
		B1FAA7BD1EAEDEC200ED3A1F /* AppDelegate.swift in Sources */ = {isa = PBXBuildFile; fileRef = B1FAA7BC1EAEDEC200ED3A1F /* AppDelegate.swift */; };
		B1FAA7BF1EAEDEC200ED3A1F /* ViewController.swift in Sources */ = {isa = PBXBuildFile; fileRef = B1FAA7BE1EAEDEC200ED3A1F /* ViewController.swift */; };
		B1FAA7C21EAEDEC200ED3A1F /* Main.storyboard in Resources */ = {isa = PBXBuildFile; fileRef = B1FAA7C01EAEDEC200ED3A1F /* Main.storyboard */; };
		B1FAA7C41EAEDEC200ED3A1F /* Assets.xcassets in Resources */ = {isa = PBXBuildFile; fileRef = B1FAA7C31EAEDEC200ED3A1F /* Assets.xcassets */; };
		B1FAA7C71EAEDEC200ED3A1F /* LaunchScreen.storyboard in Resources */ = {isa = PBXBuildFile; fileRef = B1FAA7C51EAEDEC200ED3A1F /* LaunchScreen.storyboard */; };
		B1FAA7CF1EAEE6AB00ED3A1F /* Podfile in Resources */ = {isa = PBXBuildFile; fileRef = B1FAA7CE1EAEE6AB00ED3A1F /* Podfile */; };
		B1FAA7D21EAEE7C800ED3A1F /* TabBarController.swift in Sources */ = {isa = PBXBuildFile; fileRef = B1FAA7D01EAEE7C800ED3A1F /* TabBarController.swift */; };
		B1FAA7D31EAEE7C800ED3A1F /* NavigationController.swift in Sources */ = {isa = PBXBuildFile; fileRef = B1FAA7D11EAEE7C800ED3A1F /* NavigationController.swift */; };
		B1FAA7DA1EAEE8F000ED3A1F /* OneViewController.swift in Sources */ = {isa = PBXBuildFile; fileRef = B1FAA7D91EAEE8F000ED3A1F /* OneViewController.swift */; };
		B1FAA7DC1EAEE90400ED3A1F /* TwoViewController.swift in Sources */ = {isa = PBXBuildFile; fileRef = B1FAA7DB1EAEE90400ED3A1F /* TwoViewController.swift */; };
		B1FAA7DE1EAEE91100ED3A1F /* ThreeViewController.swift in Sources */ = {isa = PBXBuildFile; fileRef = B1FAA7DD1EAEE91100ED3A1F /* ThreeViewController.swift */; };
		B1FAA7E01EAEE91C00ED3A1F /* FourViewController.swift in Sources */ = {isa = PBXBuildFile; fileRef = B1FAA7DF1EAEE91C00ED3A1F /* FourViewController.swift */; };
		B1FAA7E31EAEED5500ED3A1F /* FiveViewController.swift in Sources */ = {isa = PBXBuildFile; fileRef = B1FAA7E21EAEED5500ED3A1F /* FiveViewController.swift */; };
		B1FAA7E51EAEEE4100ED3A1F /* Common.swift in Sources */ = {isa = PBXBuildFile; fileRef = B1FAA7E41EAEEE4100ED3A1F /* Common.swift */; };
		B1FAA7E81EAEEF7700ED3A1F /* UIImage+Extension.swift in Sources */ = {isa = PBXBuildFile; fileRef = B1FAA7E71EAEEF7700ED3A1F /* UIImage+Extension.swift */; };
		B1FAA7EA1EAEF0CF00ED3A1F /* UIButton+Extension.swift in Sources */ = {isa = PBXBuildFile; fileRef = B1FAA7E91EAEF0CF00ED3A1F /* UIButton+Extension.swift */; };
		B1FAA7EE1EAF2B2200ED3A1F /* fzybks.ttf in Resources */ = {isa = PBXBuildFile; fileRef = B1FAA7ED1EAF2AFC00ED3A1F /* fzybks.ttf */; };
		B1FAA8011EB2D3A300ED3A1F /* 项目心得.rtf in Resources */ = {isa = PBXBuildFile; fileRef = B1FAA8001EB2D3A300ED3A1F /* 项目心得.rtf */; };
		B1FAA8061EB2D4DF00ED3A1F /* topScrollViewCell.swift in Sources */ = {isa = PBXBuildFile; fileRef = B1FAA8051EB2D4DF00ED3A1F /* topScrollViewCell.swift */; };
		B1FAA80B1EB2EA1600ED3A1F /* 1.png in Resources */ = {isa = PBXBuildFile; fileRef = B1FAA8071EB2EA1600ED3A1F /* 1.png */; };
		B1FAA80C1EB2EA1600ED3A1F /* 4.png in Resources */ = {isa = PBXBuildFile; fileRef = B1FAA8081EB2EA1600ED3A1F /* 4.png */; };
		B1FAA80D1EB2EA1600ED3A1F /* 3.png in Resources */ = {isa = PBXBuildFile; fileRef = B1FAA8091EB2EA1600ED3A1F /* 3.png */; };
		B1FAA80E1EB2EA1600ED3A1F /* 2.png in Resources */ = {isa = PBXBuildFile; fileRef = B1FAA80A1EB2EA1600ED3A1F /* 2.png */; };
		B1FAA8111EB3090A00ED3A1F /* secondTableViewCell.swift in Sources */ = {isa = PBXBuildFile; fileRef = B1FAA8101EB3090A00ED3A1F /* secondTableViewCell.swift */; };
		B1FAA8131EB3094800ED3A1F /* secondCellView.swift in Sources */ = {isa = PBXBuildFile; fileRef = B1FAA8121EB3094800ED3A1F /* secondCellView.swift */; };
		B1FAA83C1EB5591100ED3A1F /* 5.png in Resources */ = {isa = PBXBuildFile; fileRef = B1FAA83B1EB5591100ED3A1F /* 5.png */; };
		B1FAA83E1EB5591D00ED3A1F /* 0.png in Resources */ = {isa = PBXBuildFile; fileRef = B1FAA83D1EB5591D00ED3A1F /* 0.png */; };
/* End PBXBuildFile section */

/* Begin PBXFileReference section */
		20C945AD6E19F8C8BA96AABA /* Pods-DiLv.debug.xcconfig */ = {isa = PBXFileReference; includeInIndex = 1; lastKnownFileType = text.xcconfig; name = "Pods-DiLv.debug.xcconfig"; path = "Pods/Target Support Files/Pods-DiLv/Pods-DiLv.debug.xcconfig"; sourceTree = "<group>"; };
		5B3FC4BBDA0510FDBFB417F6 /* Pods_DiLv.framework */ = {isa = PBXFileReference; explicitFileType = wrapper.framework; includeInIndex = 0; path = Pods_DiLv.framework; sourceTree = BUILT_PRODUCTS_DIR; };
		8C53F14C51C8DFE1CAEDD794 /* Pods-DiLv.release.xcconfig */ = {isa = PBXFileReference; includeInIndex = 1; lastKnownFileType = text.xcconfig; name = "Pods-DiLv.release.xcconfig"; path = "Pods/Target Support Files/Pods-DiLv/Pods-DiLv.release.xcconfig"; sourceTree = "<group>"; };
		B15027451EB8671E0041CE6E /* 隶变体.ttf */ = {isa = PBXFileReference; lastKnownFileType = file; name = "隶变体.ttf"; path = "DiLv/隶变体.ttf"; sourceTree = "<group>"; };
		B15027471EB967360041CE6E /* threeTableViewCell.swift */ = {isa = PBXFileReference; fileEncoding = 4; lastKnownFileType = sourcecode.swift; path = threeTableViewCell.swift; sourceTree = "<group>"; };
		B15027481EB967360041CE6E /* threeTableViewCell.xib */ = {isa = PBXFileReference; fileEncoding = 4; lastKnownFileType = file.xib; path = threeTableViewCell.xib; sourceTree = "<group>"; };
		B1AE032D1EB836E500C12B80 /* place_image.png */ = {isa = PBXFileReference; lastKnownFileType = image.png; path = place_image.png; sourceTree = "<group>"; };
		B1FAA7B91EAEDEC200ED3A1F /* DiLv.app */ = {isa = PBXFileReference; explicitFileType = wrapper.application; includeInIndex = 0; path = DiLv.app; sourceTree = BUILT_PRODUCTS_DIR; };
		B1FAA7BC1EAEDEC200ED3A1F /* AppDelegate.swift */ = {isa = PBXFileReference; lastKnownFileType = sourcecode.swift; path = AppDelegate.swift; sourceTree = "<group>"; };
		B1FAA7BE1EAEDEC200ED3A1F /* ViewController.swift */ = {isa = PBXFileReference; lastKnownFileType = sourcecode.swift; path = ViewController.swift; sourceTree = "<group>"; };
		B1FAA7C11EAEDEC200ED3A1F /* Base */ = {isa = PBXFileReference; lastKnownFileType = file.storyboard; name = Base; path = Base.lproj/Main.storyboard; sourceTree = "<group>"; };
		B1FAA7C31EAEDEC200ED3A1F /* Assets.xcassets */ = {isa = PBXFileReference; lastKnownFileType = folder.assetcatalog; path = Assets.xcassets; sourceTree = "<group>"; };
		B1FAA7C61EAEDEC200ED3A1F /* Base */ = {isa = PBXFileReference; lastKnownFileType = file.storyboard; name = Base; path = Base.lproj/LaunchScreen.storyboard; sourceTree = "<group>"; };
		B1FAA7C81EAEDEC200ED3A1F /* Info.plist */ = {isa = PBXFileReference; lastKnownFileType = text.plist.xml; path = Info.plist; sourceTree = "<group>"; };
		B1FAA7CE1EAEE6AB00ED3A1F /* Podfile */ = {isa = PBXFileReference; fileEncoding = 4; lastKnownFileType = text; path = Podfile; sourceTree = "<group>"; xcLanguageSpecificationIdentifier = xcode.lang.ruby; };
		B1FAA7D01EAEE7C800ED3A1F /* TabBarController.swift */ = {isa = PBXFileReference; fileEncoding = 4; lastKnownFileType = sourcecode.swift; path = TabBarController.swift; sourceTree = "<group>"; };
		B1FAA7D11EAEE7C800ED3A1F /* NavigationController.swift */ = {isa = PBXFileReference; fileEncoding = 4; lastKnownFileType = sourcecode.swift; path = NavigationController.swift; sourceTree = "<group>"; };
		B1FAA7D91EAEE8F000ED3A1F /* OneViewController.swift */ = {isa = PBXFileReference; fileEncoding = 4; lastKnownFileType = sourcecode.swift; path = OneViewController.swift; sourceTree = "<group>"; };
		B1FAA7DB1EAEE90400ED3A1F /* TwoViewController.swift */ = {isa = PBXFileReference; fileEncoding = 4; lastKnownFileType = sourcecode.swift; path = TwoViewController.swift; sourceTree = "<group>"; };
		B1FAA7DD1EAEE91100ED3A1F /* ThreeViewController.swift */ = {isa = PBXFileReference; fileEncoding = 4; lastKnownFileType = sourcecode.swift; path = ThreeViewController.swift; sourceTree = "<group>"; };
		B1FAA7DF1EAEE91C00ED3A1F /* FourViewController.swift */ = {isa = PBXFileReference; fileEncoding = 4; lastKnownFileType = sourcecode.swift; path = FourViewController.swift; sourceTree = "<group>"; };
		B1FAA7E21EAEED5500ED3A1F /* FiveViewController.swift */ = {isa = PBXFileReference; fileEncoding = 4; lastKnownFileType = sourcecode.swift; path = FiveViewController.swift; sourceTree = "<group>"; };
		B1FAA7E41EAEEE4100ED3A1F /* Common.swift */ = {isa = PBXFileReference; fileEncoding = 4; lastKnownFileType = sourcecode.swift; path = Common.swift; sourceTree = "<group>"; };
		B1FAA7E71EAEEF7700ED3A1F /* UIImage+Extension.swift */ = {isa = PBXFileReference; fileEncoding = 4; lastKnownFileType = sourcecode.swift; path = "UIImage+Extension.swift"; sourceTree = "<group>"; };
		B1FAA7E91EAEF0CF00ED3A1F /* UIButton+Extension.swift */ = {isa = PBXFileReference; fileEncoding = 4; lastKnownFileType = sourcecode.swift; path = "UIButton+Extension.swift"; sourceTree = "<group>"; };
		B1FAA7ED1EAF2AFC00ED3A1F /* fzybks.ttf */ = {isa = PBXFileReference; lastKnownFileType = file; name = fzybks.ttf; path = DiLv/fzybks.ttf; sourceTree = "<group>"; };
		B1FAA7FF1EB2D30800ED3A1F /* Dilv_Header.h */ = {isa = PBXFileReference; lastKnownFileType = sourcecode.c.h; path = Dilv_Header.h; sourceTree = "<group>"; };
		B1FAA8001EB2D3A300ED3A1F /* 项目心得.rtf */ = {isa = PBXFileReference; fileEncoding = 4; lastKnownFileType = text.rtf; path = "项目心得.rtf"; sourceTree = "<group>"; };
		B1FAA8051EB2D4DF00ED3A1F /* topScrollViewCell.swift */ = {isa = PBXFileReference; fileEncoding = 4; lastKnownFileType = sourcecode.swift; path = topScrollViewCell.swift; sourceTree = "<group>"; };
		B1FAA8071EB2EA1600ED3A1F /* 1.png */ = {isa = PBXFileReference; lastKnownFileType = image.png; path = 1.png; sourceTree = "<group>"; };
		B1FAA8081EB2EA1600ED3A1F /* 4.png */ = {isa = PBXFileReference; lastKnownFileType = image.png; path = 4.png; sourceTree = "<group>"; };
		B1FAA8091EB2EA1600ED3A1F /* 3.png */ = {isa = PBXFileReference; lastKnownFileType = image.png; path = 3.png; sourceTree = "<group>"; };
		B1FAA80A1EB2EA1600ED3A1F /* 2.png */ = {isa = PBXFileReference; lastKnownFileType = image.png; path = 2.png; sourceTree = "<group>"; };
		B1FAA8101EB3090A00ED3A1F /* secondTableViewCell.swift */ = {isa = PBXFileReference; fileEncoding = 4; lastKnownFileType = sourcecode.swift; path = secondTableViewCell.swift; sourceTree = "<group>"; };
		B1FAA8121EB3094800ED3A1F /* secondCellView.swift */ = {isa = PBXFileReference; fileEncoding = 4; lastKnownFileType = sourcecode.swift; path = secondCellView.swift; sourceTree = "<group>"; };
		B1FAA83B1EB5591100ED3A1F /* 5.png */ = {isa = PBXFileReference; lastKnownFileType = image.png; path = 5.png; sourceTree = "<group>"; };
		B1FAA83D1EB5591D00ED3A1F /* 0.png */ = {isa = PBXFileReference; lastKnownFileType = image.png; path = 0.png; sourceTree = "<group>"; };
/* End PBXFileReference section */

/* Begin PBXFrameworksBuildPhase section */
		B1FAA7B61EAEDEC200ED3A1F /* Frameworks */ = {
			isa = PBXFrameworksBuildPhase;
			buildActionMask = 2147483647;
			files = (
				390B8B1C68C7371159BC8B41 /* Pods_DiLv.framework in Frameworks */,
			);
			runOnlyForDeploymentPostprocessing = 0;
		};
/* End PBXFrameworksBuildPhase section */

/* Begin PBXGroup section */
		4320BA59D118676F6730D270 /* Frameworks */ = {
			isa = PBXGroup;
			children = (
				5B3FC4BBDA0510FDBFB417F6 /* Pods_DiLv.framework */,
			);
			name = Frameworks;
			sourceTree = "<group>";
		};
		5A192D22387CF6A4609DF052 /* Pods */ = {
			isa = PBXGroup;
			children = (
				8C53F14C51C8DFE1CAEDD794 /* Pods-DiLv.release.xcconfig */,
				20C945AD6E19F8C8BA96AABA /* Pods-DiLv.debug.xcconfig */,
			);
			name = Pods;
			sourceTree = "<group>";
		};
		B1FAA7B01EAEDEC200ED3A1F = {
			isa = PBXGroup;
			children = (
				B1FAA8001EB2D3A300ED3A1F /* 项目心得.rtf */,
				B1FAA7FF1EB2D30800ED3A1F /* Dilv_Header.h */,
				B1FAA7ED1EAF2AFC00ED3A1F /* fzybks.ttf */,
				B15027451EB8671E0041CE6E /* 隶变体.ttf */,
				B1FAA7CE1EAEE6AB00ED3A1F /* Podfile */,
				B1FAA7BB1EAEDEC200ED3A1F /* DiLv */,
				B1FAA7BA1EAEDEC200ED3A1F /* Products */,
				5A192D22387CF6A4609DF052 /* Pods */,
				4320BA59D118676F6730D270 /* Frameworks */,
			);
			sourceTree = "<group>";
		};
		B1FAA7BA1EAEDEC200ED3A1F /* Products */ = {
			isa = PBXGroup;
			children = (
				B1FAA7B91EAEDEC200ED3A1F /* DiLv.app */,
			);
			name = Products;
			sourceTree = "<group>";
		};
		B1FAA7BB1EAEDEC200ED3A1F /* DiLv */ = {
			isa = PBXGroup;
			children = (
				B1FAA80F1EB2EA2A00ED3A1F /* image */,
				B1FAA7F11EB2D04200ED3A1F /* 3d resource */,
				B1FAA7E61EAEEF6300ED3A1F /* Expand */,
				B1FAA7D41EAEE7CF00ED3A1F /* Root */,
				B1FAA7D51EAEE84900ED3A1F /* OneTabVC */,
				B1FAA7D61EAEE87100ED3A1F /* TwoTabVC */,
				B1FAA7D71EAEE88200ED3A1F /* ThreeTabVC */,
				B1FAA7D81EAEE89400ED3A1F /* FourTabVC */,
				B1FAA7E11EAEED3800ED3A1F /* FiveTabVC */,
				B1FAA7BC1EAEDEC200ED3A1F /* AppDelegate.swift */,
				B1FAA7E41EAEEE4100ED3A1F /* Common.swift */,
				B1FAA7BE1EAEDEC200ED3A1F /* ViewController.swift */,
				B1FAA7C01EAEDEC200ED3A1F /* Main.storyboard */,
				B1FAA7C31EAEDEC200ED3A1F /* Assets.xcassets */,
				B1FAA7C51EAEDEC200ED3A1F /* LaunchScreen.storyboard */,
				B1FAA7C81EAEDEC200ED3A1F /* Info.plist */,
			);
			path = DiLv;
			sourceTree = "<group>";
		};
		B1FAA7D41EAEE7CF00ED3A1F /* Root */ = {
			isa = PBXGroup;
			children = (
				B1FAA7D01EAEE7C800ED3A1F /* TabBarController.swift */,
				B1FAA7D11EAEE7C800ED3A1F /* NavigationController.swift */,
			);
			name = Root;
			sourceTree = "<group>";
		};
		B1FAA7D51EAEE84900ED3A1F /* OneTabVC */ = {
			isa = PBXGroup;
			children = (
				B1FAA8041EB2D48E00ED3A1F /* C */,
				B1FAA8031EB2D48800ED3A1F /* V */,
				B1FAA8021EB2D48100ED3A1F /* M */,
			);
			name = OneTabVC;
			sourceTree = "<group>";
		};
		B1FAA7D61EAEE87100ED3A1F /* TwoTabVC */ = {
			isa = PBXGroup;
			children = (
				B1FAA7DB1EAEE90400ED3A1F /* TwoViewController.swift */,
			);
			name = TwoTabVC;
			sourceTree = "<group>";
		};
		B1FAA7D71EAEE88200ED3A1F /* ThreeTabVC */ = {
			isa = PBXGroup;
			children = (
				B1FAA7DD1EAEE91100ED3A1F /* ThreeViewController.swift */,
			);
			name = ThreeTabVC;
			sourceTree = "<group>";
		};
		B1FAA7D81EAEE89400ED3A1F /* FourTabVC */ = {
			isa = PBXGroup;
			children = (
				B1FAA7DF1EAEE91C00ED3A1F /* FourViewController.swift */,
			);
			name = FourTabVC;
			sourceTree = "<group>";
		};
		B1FAA7E11EAEED3800ED3A1F /* FiveTabVC */ = {
			isa = PBXGroup;
			children = (
				B1FAA7E21EAEED5500ED3A1F /* FiveViewController.swift */,
			);
			name = FiveTabVC;
			sourceTree = "<group>";
		};
		B1FAA7E61EAEEF6300ED3A1F /* Expand */ = {
			isa = PBXGroup;
			children = (
				B1FAA7E71EAEEF7700ED3A1F /* UIImage+Extension.swift */,
				B1FAA7E91EAEF0CF00ED3A1F /* UIButton+Extension.swift */,
			);
			name = Expand;
			sourceTree = "<group>";
		};
		B1FAA7F11EB2D04200ED3A1F /* 3d resource */ = {
			isa = PBXGroup;
			children = (
			);
			name = "3d resource";
			sourceTree = "<group>";
		};
		B1FAA8021EB2D48100ED3A1F /* M */ = {
			isa = PBXGroup;
			children = (
			);
			name = M;
			sourceTree = "<group>";
		};
		B1FAA8031EB2D48800ED3A1F /* V */ = {
			isa = PBXGroup;
			children = (
				B1FAA8051EB2D4DF00ED3A1F /* topScrollViewCell.swift */,
				B1FAA8101EB3090A00ED3A1F /* secondTableViewCell.swift */,
				B1FAA8121EB3094800ED3A1F /* secondCellView.swift */,
				B15027471EB967360041CE6E /* threeTableViewCell.swift */,
				B15027481EB967360041CE6E /* threeTableViewCell.xib */,
			);
			name = V;
			sourceTree = "<group>";
		};
		B1FAA8041EB2D48E00ED3A1F /* C */ = {
			isa = PBXGroup;
			children = (
				B1FAA7D91EAEE8F000ED3A1F /* OneViewController.swift */,
			);
			name = C;
			sourceTree = "<group>";
		};
		B1FAA80F1EB2EA2A00ED3A1F /* image */ = {
			isa = PBXGroup;
			children = (
				B1FAA83D1EB5591D00ED3A1F /* 0.png */,
				B1FAA83B1EB5591100ED3A1F /* 5.png */,
				B1FAA8071EB2EA1600ED3A1F /* 1.png */,
				B1FAA8081EB2EA1600ED3A1F /* 4.png */,
				B1FAA8091EB2EA1600ED3A1F /* 3.png */,
				B1FAA80A1EB2EA1600ED3A1F /* 2.png */,
				B1AE032D1EB836E500C12B80 /* place_image.png */,
			);
			name = image;
			sourceTree = "<group>";
		};
/* End PBXGroup section */

/* Begin PBXNativeTarget section */
		B1FAA7B81EAEDEC200ED3A1F /* DiLv */ = {
			isa = PBXNativeTarget;
			buildConfigurationList = B1FAA7CB1EAEDEC200ED3A1F /* Build configuration list for PBXNativeTarget "DiLv" */;
			buildPhases = (
				5112376FCEDB781395C3F9FE /* [CP] Check Pods Manifest.lock */,
				B1FAA7B51EAEDEC200ED3A1F /* Sources */,
				B1FAA7B61EAEDEC200ED3A1F /* Frameworks */,
				B1FAA7B71EAEDEC200ED3A1F /* Resources */,
				888D2B1852337D991445515B /* [CP] Embed Pods Frameworks */,
				B985C0F8EC6288B71CAFA81E /* [CP] Copy Pods Resources */,
			);
			buildRules = (
			);
			dependencies = (
			);
			name = DiLv;
			productName = DiLv;
			productReference = B1FAA7B91EAEDEC200ED3A1F /* DiLv.app */;
			productType = "com.apple.product-type.application";
		};
/* End PBXNativeTarget section */

/* Begin PBXProject section */
		B1FAA7B11EAEDEC200ED3A1F /* Project object */ = {
			isa = PBXProject;
			attributes = {
				LastSwiftUpdateCheck = 0820;
				LastUpgradeCheck = 0820;
				ORGANIZATIONNAME = "革码者";
				TargetAttributes = {
					B1FAA7B81EAEDEC200ED3A1F = {
						CreatedOnToolsVersion = 8.2.1;
						DevelopmentTeam = WFYM3T82FX;
						ProvisioningStyle = Automatic;
					};
				};
			};
			buildConfigurationList = B1FAA7B41EAEDEC200ED3A1F /* Build configuration list for PBXProject "DiLv" */;
			compatibilityVersion = "Xcode 3.2";
			developmentRegion = English;
			hasScannedForEncodings = 0;
			knownRegions = (
				en,
				Base,
			);
			mainGroup = B1FAA7B01EAEDEC200ED3A1F;
			productRefGroup = B1FAA7BA1EAEDEC200ED3A1F /* Products */;
			projectDirPath = "";
			projectRoot = "";
			targets = (
				B1FAA7B81EAEDEC200ED3A1F /* DiLv */,
			);
		};
/* End PBXProject section */

/* Begin PBXResourcesBuildPhase section */
		B1FAA7B71EAEDEC200ED3A1F /* Resources */ = {
			isa = PBXResourcesBuildPhase;
			buildActionMask = 2147483647;
			files = (
				B15027461EB867350041CE6E /* 隶变体.ttf in Resources */,
				B1FAA7EE1EAF2B2200ED3A1F /* fzybks.ttf in Resources */,
				B1FAA80B1EB2EA1600ED3A1F /* 1.png in Resources */,
				B150274A1EB967360041CE6E /* threeTableViewCell.xib in Resources */,
				B1FAA7C71EAEDEC200ED3A1F /* LaunchScreen.storyboard in Resources */,
				B1FAA80D1EB2EA1600ED3A1F /* 3.png in Resources */,
				B1FAA80E1EB2EA1600ED3A1F /* 2.png in Resources */,
				B1FAA83E1EB5591D00ED3A1F /* 0.png in Resources */,
				B1FAA80C1EB2EA1600ED3A1F /* 4.png in Resources */,
				B1FAA7C41EAEDEC200ED3A1F /* Assets.xcassets in Resources */,
				B1AE032E1EB836E500C12B80 /* place_image.png in Resources */,
				B1FAA83C1EB5591100ED3A1F /* 5.png in Resources */,
				B1FAA8011EB2D3A300ED3A1F /* 项目心得.rtf in Resources */,
				B1FAA7CF1EAEE6AB00ED3A1F /* Podfile in Resources */,
				B1FAA7C21EAEDEC200ED3A1F /* Main.storyboard in Resources */,
			);
			runOnlyForDeploymentPostprocessing = 0;
		};
/* End PBXResourcesBuildPhase section */

/* Begin PBXShellScriptBuildPhase section */
		5112376FCEDB781395C3F9FE /* [CP] Check Pods Manifest.lock */ = {
			isa = PBXShellScriptBuildPhase;
			buildActionMask = 2147483647;
			files = (
			);
			inputPaths = (
			);
			name = "[CP] Check Pods Manifest.lock";
			outputPaths = (
			);
			runOnlyForDeploymentPostprocessing = 0;
			shellPath = /bin/sh;
			shellScript = "diff \"${PODS_ROOT}/../Podfile.lock\" \"${PODS_ROOT}/Manifest.lock\" > /dev/null\nif [ $? != 0 ] ; then\n    # print error to STDERR\n    echo \"error: The sandbox is not in sync with the Podfile.lock. Run 'pod install' or update your CocoaPods installation.\" >&2\n    exit 1\nfi\n";
			showEnvVarsInLog = 0;
		};
		888D2B1852337D991445515B /* [CP] Embed Pods Frameworks */ = {
			isa = PBXShellScriptBuildPhase;
			buildActionMask = 2147483647;
			files = (
			);
			inputPaths = (
			);
			name = "[CP] Embed Pods Frameworks";
			outputPaths = (
			);
			runOnlyForDeploymentPostprocessing = 0;
			shellPath = /bin/sh;
			shellScript = "\"${SRCROOT}/Pods/Target Support Files/Pods-DiLv/Pods-DiLv-frameworks.sh\"\n";
			showEnvVarsInLog = 0;
		};
		B985C0F8EC6288B71CAFA81E /* [CP] Copy Pods Resources */ = {
			isa = PBXShellScriptBuildPhase;
			buildActionMask = 2147483647;
			files = (
			);
			inputPaths = (
			);
			name = "[CP] Copy Pods Resources";
			outputPaths = (
			);
			runOnlyForDeploymentPostprocessing = 0;
			shellPath = /bin/sh;
			shellScript = "\"${SRCROOT}/Pods/Target Support Files/Pods-DiLv/Pods-DiLv-resources.sh\"\n";
			showEnvVarsInLog = 0;
		};
/* End PBXShellScriptBuildPhase section */

/* Begin PBXSourcesBuildPhase section */
		B1FAA7B51EAEDEC200ED3A1F /* Sources */ = {
			isa = PBXSourcesBuildPhase;
			buildActionMask = 2147483647;
			files = (
				B1FAA7DE1EAEE91100ED3A1F /* ThreeViewController.swift in Sources */,
				B1FAA8061EB2D4DF00ED3A1F /* topScrollViewCell.swift in Sources */,
				B1FAA7D21EAEE7C800ED3A1F /* TabBarController.swift in Sources */,
				B1FAA7DA1EAEE8F000ED3A1F /* OneViewController.swift in Sources */,
				B1FAA7D31EAEE7C800ED3A1F /* NavigationController.swift in Sources */,
				B1FAA7BF1EAEDEC200ED3A1F /* ViewController.swift in Sources */,
				B1FAA8131EB3094800ED3A1F /* secondCellView.swift in Sources */,
				B1FAA7EA1EAEF0CF00ED3A1F /* UIButton+Extension.swift in Sources */,
				B1FAA8111EB3090A00ED3A1F /* secondTableViewCell.swift in Sources */,
				B1FAA7BD1EAEDEC200ED3A1F /* AppDelegate.swift in Sources */,
				B1FAA7E01EAEE91C00ED3A1F /* FourViewController.swift in Sources */,
				B1FAA7E31EAEED5500ED3A1F /* FiveViewController.swift in Sources */,
				B1FAA7E51EAEEE4100ED3A1F /* Common.swift in Sources */,
				B1FAA7E81EAEEF7700ED3A1F /* UIImage+Extension.swift in Sources */,
				B15027491EB967360041CE6E /* threeTableViewCell.swift in Sources */,
				B1FAA7DC1EAEE90400ED3A1F /* TwoViewController.swift in Sources */,
			);
			runOnlyForDeploymentPostprocessing = 0;
		};
/* End PBXSourcesBuildPhase section */

/* Begin PBXVariantGroup section */
		B1FAA7C01EAEDEC200ED3A1F /* Main.storyboard */ = {
			isa = PBXVariantGroup;
			children = (
				B1FAA7C11EAEDEC200ED3A1F /* Base */,
			);
			name = Main.storyboard;
			sourceTree = "<group>";
		};
		B1FAA7C51EAEDEC200ED3A1F /* LaunchScreen.storyboard */ = {
			isa = PBXVariantGroup;
			children = (
				B1FAA7C61EAEDEC200ED3A1F /* Base */,
			);
			name = LaunchScreen.storyboard;
			sourceTree = "<group>";
		};
/* End PBXVariantGroup section */

/* Begin XCBuildConfiguration section */
		B1FAA7C91EAEDEC200ED3A1F /* Debug */ = {
			isa = XCBuildConfiguration;
			buildSettings = {
				ALWAYS_SEARCH_USER_PATHS = NO;
				CLANG_ANALYZER_NONNULL = YES;
				CLANG_CXX_LANGUAGE_STANDARD = "gnu++0x";
				CLANG_CXX_LIBRARY = "libc++";
				CLANG_ENABLE_MODULES = YES;
				CLANG_ENABLE_OBJC_ARC = YES;
				CLANG_WARN_BOOL_CONVERSION = YES;
				CLANG_WARN_CONSTANT_CONVERSION = YES;
				CLANG_WARN_DIRECT_OBJC_ISA_USAGE = YES_ERROR;
				CLANG_WARN_DOCUMENTATION_COMMENTS = YES;
				CLANG_WARN_EMPTY_BODY = YES;
				CLANG_WARN_ENUM_CONVERSION = YES;
				CLANG_WARN_INFINITE_RECURSION = YES;
				CLANG_WARN_INT_CONVERSION = YES;
				CLANG_WARN_OBJC_ROOT_CLASS = YES_ERROR;
				CLANG_WARN_SUSPICIOUS_MOVE = YES;
				CLANG_WARN_UNREACHABLE_CODE = YES;
				CLANG_WARN__DUPLICATE_METHOD_MATCH = YES;
				"CODE_SIGN_IDENTITY[sdk=iphoneos*]" = "iPhone Developer";
				COPY_PHASE_STRIP = NO;
				DEBUG_INFORMATION_FORMAT = dwarf;
				ENABLE_STRICT_OBJC_MSGSEND = YES;
				ENABLE_TESTABILITY = YES;
				GCC_C_LANGUAGE_STANDARD = gnu99;
				GCC_DYNAMIC_NO_PIC = NO;
				GCC_NO_COMMON_BLOCKS = YES;
				GCC_OPTIMIZATION_LEVEL = 0;
				GCC_PREPROCESSOR_DEFINITIONS = (
					"DEBUG=1",
					"$(inherited)",
				);
				GCC_WARN_64_TO_32_BIT_CONVERSION = YES;
				GCC_WARN_ABOUT_RETURN_TYPE = YES_ERROR;
				GCC_WARN_UNDECLARED_SELECTOR = YES;
				GCC_WARN_UNINITIALIZED_AUTOS = YES_AGGRESSIVE;
				GCC_WARN_UNUSED_FUNCTION = YES;
				GCC_WARN_UNUSED_VARIABLE = YES;
				IPHONEOS_DEPLOYMENT_TARGET = 10.2;
				MTL_ENABLE_DEBUG_INFO = YES;
				ONLY_ACTIVE_ARCH = YES;
				SDKROOT = iphoneos;
				SWIFT_ACTIVE_COMPILATION_CONDITIONS = DEBUG;
				SWIFT_OPTIMIZATION_LEVEL = "-Onone";
			};
			name = Debug;
		};
		B1FAA7CA1EAEDEC200ED3A1F /* Release */ = {
			isa = XCBuildConfiguration;
			buildSettings = {
				ALWAYS_SEARCH_USER_PATHS = NO;
				CLANG_ANALYZER_NONNULL = YES;
				CLANG_CXX_LANGUAGE_STANDARD = "gnu++0x";
				CLANG_CXX_LIBRARY = "libc++";
				CLANG_ENABLE_MODULES = YES;
				CLANG_ENABLE_OBJC_ARC = YES;
				CLANG_WARN_BOOL_CONVERSION = YES;
				CLANG_WARN_CONSTANT_CONVERSION = YES;
				CLANG_WARN_DIRECT_OBJC_ISA_USAGE = YES_ERROR;
				CLANG_WARN_DOCUMENTATION_COMMENTS = YES;
				CLANG_WARN_EMPTY_BODY = YES;
				CLANG_WARN_ENUM_CONVERSION = YES;
				CLANG_WARN_INFINITE_RECURSION = YES;
				CLANG_WARN_INT_CONVERSION = YES;
				CLANG_WARN_OBJC_ROOT_CLASS = YES_ERROR;
				CLANG_WARN_SUSPICIOUS_MOVE = YES;
				CLANG_WARN_UNREACHABLE_CODE = YES;
				CLANG_WARN__DUPLICATE_METHOD_MATCH = YES;
				"CODE_SIGN_IDENTITY[sdk=iphoneos*]" = "iPhone Developer";
				COPY_PHASE_STRIP = NO;
				DEBUG_INFORMATION_FORMAT = "dwarf-with-dsym";
				ENABLE_NS_ASSERTIONS = NO;
				ENABLE_STRICT_OBJC_MSGSEND = YES;
				GCC_C_LANGUAGE_STANDARD = gnu99;
				GCC_NO_COMMON_BLOCKS = YES;
				GCC_WARN_64_TO_32_BIT_CONVERSION = YES;
				GCC_WARN_ABOUT_RETURN_TYPE = YES_ERROR;
				GCC_WARN_UNDECLARED_SELECTOR = YES;
				GCC_WARN_UNINITIALIZED_AUTOS = YES_AGGRESSIVE;
				GCC_WARN_UNUSED_FUNCTION = YES;
				GCC_WARN_UNUSED_VARIABLE = YES;
				IPHONEOS_DEPLOYMENT_TARGET = 10.2;
				MTL_ENABLE_DEBUG_INFO = NO;
				SDKROOT = iphoneos;
				SWIFT_OPTIMIZATION_LEVEL = "-Owholemodule";
				VALIDATE_PRODUCT = YES;
			};
			name = Release;
		};
		B1FAA7CC1EAEDEC200ED3A1F /* Debug */ = {
			isa = XCBuildConfiguration;
			baseConfigurationReference = 20C945AD6E19F8C8BA96AABA /* Pods-DiLv.debug.xcconfig */;
			buildSettings = {
				ASSETCATALOG_COMPILER_APPICON_NAME = AppIcon;
				DEVELOPMENT_TEAM = WFYM3T82FX;
				INFOPLIST_FILE = DiLv/Info.plist;
				LD_RUNPATH_SEARCH_PATHS = "$(inherited) @executable_path/Frameworks";
				PRODUCT_BUNDLE_IDENTIFIER = Grandre.DiLv;
				PRODUCT_NAME = "$(TARGET_NAME)";
				SWIFT_OBJC_BRIDGING_HEADER = Dilv_Header.h;
				SWIFT_VERSION = 3.0;
			};
			name = Debug;
		};
		B1FAA7CD1EAEDEC200ED3A1F /* Release */ = {
			isa = XCBuildConfiguration;
			baseConfigurationReference = 8C53F14C51C8DFE1CAEDD794 /* Pods-DiLv.release.xcconfig */;
			buildSettings = {
				ASSETCATALOG_COMPILER_APPICON_NAME = AppIcon;
				DEVELOPMENT_TEAM = WFYM3T82FX;
				INFOPLIST_FILE = DiLv/Info.plist;
				LD_RUNPATH_SEARCH_PATHS = "$(inherited) @executable_path/Frameworks";
				PRODUCT_BUNDLE_IDENTIFIER = Grandre.DiLv;
				PRODUCT_NAME = "$(TARGET_NAME)";
				SWIFT_OBJC_BRIDGING_HEADER = Dilv_Header.h;
				SWIFT_VERSION = 3.0;
			};
			name = Release;
		};
/* End XCBuildConfiguration section */

/* Begin XCConfigurationList section */
		B1FAA7B41EAEDEC200ED3A1F /* Build configuration list for PBXProject "DiLv" */ = {
			isa = XCConfigurationList;
			buildConfigurations = (
				B1FAA7C91EAEDEC200ED3A1F /* Debug */,
				B1FAA7CA1EAEDEC200ED3A1F /* Release */,
			);
			defaultConfigurationIsVisible = 0;
			defaultConfigurationName = Release;
		};
		B1FAA7CB1EAEDEC200ED3A1F /* Build configuration list for PBXNativeTarget "DiLv" */ = {
			isa = XCConfigurationList;
			buildConfigurations = (
				B1FAA7CC1EAEDEC200ED3A1F /* Debug */,
				B1FAA7CD1EAEDEC200ED3A1F /* Release */,
			);
			defaultConfigurationIsVisible = 0;
			defaultConfigurationName = Release;
		};
/* End XCConfigurationList section */
	};
	rootObject = B1FAA7B11EAEDEC200ED3A1F /* Project object */;
}
